
Microsoft Visual Studio Solution File, Format Version 12.00
# Visual Studio 2012
Project("{FAE04EC0-301F-11D3-BF4B-00C04F79EFBC}") = "Intranet.Controls", "Intranet.Controls.csproj", "{7CF378AA-E6CA-4486-A332-76810E14A543}"
EndProject
Global
	GlobalSection(SolutionConfigurationPlatforms) = preSolution
		Debug|Any CPU = Debug|Any CPU
		Release|Any CPU = Release|Any CPU
	EndGlobalSection
	GlobalSection(ProjectConfigurationPlatforms) = postSolution
		{7CF378AA-E6CA-4486-A332-76810E14A543}.Debug|Any CPU.ActiveCfg = Debug|Any CPU
		{7CF378AA-E6CA-4486-A332-76810E14A543}.Debug|Any CPU.Build.0 = Debug|Any CPU
		{7CF378AA-E6CA-4486-A332-76810E14A543}.Release|Any CPU.ActiveCfg = Release|Any CPU
		{7CF378AA-E6CA-4486-A332-76810E14A543}.Release|Any CPU.Build.0 = Release|Any CPU
	EndGlobalSection
	GlobalSection(SolutionProperties) = preSolution
		HideSolutionNode = FALSE
	EndGlobalSection
EndGlobal
